
Microsoft Visual Studio Solution File, Format Version 12.00
# Visual Studio Version 17
VisualStudioVersion = 17.3.32922.545
MinimumVisualStudioVersion = 10.0.40219.1
Project("{9A19103F-16F7-4668-BE54-9A1E7A4F7556}") = "AM.UI.Console", "AirportManagmentSalma\AM.UI.Console.csproj", "{717196E4-C4D5-4E60-ADBD-3873C17035D1}"
EndProject
Project("{9A19103F-16F7-4668-BE54-9A1E7A4F7556}") = "AM.ApplicationCore", "AM.ApplicationCore\AM.ApplicationCore.csproj", "{CB0AB073-E28D-421F-8F19-6D23591902DF}"
EndProject
Project("{FAE04EC0-301F-11D3-BF4B-00C04F79EFBC}") = "AM.Infrastructure", "AM.Infrastructure\AM.Infrastructure.csproj", "{5666EC7F-5024-44EC-B84D-689D67BA5307}"
EndProject
Global
	GlobalSection(SolutionConfigurationPlatforms) = preSolution
		Debug|Any CPU = Debug|Any CPU
		Release|Any CPU = Release|Any CPU
	EndGlobalSection
	GlobalSection(ProjectConfigurationPlatforms) = postSolution
		{717196E4-C4D5-4E60-ADBD-3873C17035D1}.Debug|Any CPU.ActiveCfg = Debug|Any CPU
		{717196E4-C4D5-4E60-ADBD-3873C17035D1}.Debug|Any CPU.Build.0 = Debug|Any CPU
		{717196E4-C4D5-4E60-ADBD-3873C17035D1}.Release|Any CPU.ActiveCfg = Release|Any CPU
		{717196E4-C4D5-4E60-ADBD-3873C17035D1}.Release|Any CPU.Build.0 = Release|Any CPU
		{CB0AB073-E28D-421F-8F19-6D23591902DF}.Debug|Any CPU.ActiveCfg = Debug|Any CPU
		{CB0AB073-E28D-421F-8F19-6D23591902DF}.Debug|Any CPU.Build.0 = Debug|Any CPU
		{CB0AB073-E28D-421F-8F19-6D23591902DF}.Release|Any CPU.ActiveCfg = Release|Any CPU
		{CB0AB073-E28D-421F-8F19-6D23591902DF}.Release|Any CPU.Build.0 = Release|Any CPU
		{5666EC7F-5024-44EC-B84D-689D67BA5307}.Debug|Any CPU.ActiveCfg = Debug|Any CPU
		{5666EC7F-5024-44EC-B84D-689D67BA5307}.Debug|Any CPU.Build.0 = Debug|Any CPU
		{5666EC7F-5024-44EC-B84D-689D67BA5307}.Release|Any CPU.ActiveCfg = Release|Any CPU
		{5666EC7F-5024-44EC-B84D-689D67BA5307}.Release|Any CPU.Build.0 = Release|Any CPU
	EndGlobalSection
	GlobalSection(SolutionProperties) = preSolution
		HideSolutionNode = FALSE
	EndGlobalSection
	GlobalSection(ExtensibilityGlobals) = postSolution
		SolutionGuid = {73668778-901A-49A1-8902-F79A2CA72662}
	EndGlobalSection
EndGlobal
